<?xml version="1.0" encoding="utf-8"?>
<Project ToolsVersion="4.0" xmlns="http://schemas.microsoft.com/developer/msbuild/2003">
  <ItemGroup>
    <ClInclude Include="..\..\src\dxf.h" />
    <ClInclude Include="..\..\src\dxf_common.h" />
    <ClInclude Include="..\..\src\dxf_abstract_control.h">
      <Filter>Header Files</Filter>
    </ClInclude>
    <ClInclude Include="..\..\src\dxf_abstract_renderer.h">
      <Filter>Header Files</Filter>
    </ClInclude>
    <ClInclude Include="..\..\src\dxf_assert.h">
      <Filter>Header Files</Filter>
    </ClInclude>
    <ClInclude Include="..\..\src\dxf_log.h">
      <Filter>Header Files</Filter>
    </ClInclude>
    <ClInclude Include="..\..\src\dxf_main.h">
      <Filter>Header Files</Filter>
    </ClInclude>
    <ClInclude Include="..\..\src\DXUT\Core\DDSTextureLoader.h">
      <Filter>DXUT\Core</Filter>
    </ClInclude>
    <ClInclude Include="..\..\src\DXUT\Core\dxerr.h">
      <Filter>DXUT\Core</Filter>
    </ClInclude>
    <ClInclude Include="..\..\src\DXUT\Core\DXUT.h">
      <Filter>DXUT\Core</Filter>
    </ClInclude>
    <ClInclude Include="..\..\src\DXUT\Core\DXUTDevice11.h">
      <Filter>DXUT\Core</Filter>
    </ClInclude>
    <ClInclude Include="..\..\src\DXUT\Core\DXUTmisc.h">
      <Filter>DXUT\Core</Filter>
    </ClInclude>
    <ClInclude Include="..\..\src\DXUT\Core\ScreenGrab.h">
      <Filter>DXUT\Core</Filter>
    </ClInclude>
    <ClInclude Include="..\..\src\DXUT\Core\WICTextureLoader.h">
      <Filter>DXUT\Core</Filter>
    </ClInclude>
    <ClInclude Include="..\..\src\DXUT\Optional\DXUTcamera.h">
      <Filter>DXUT\Optional</Filter>
    </ClInclude>
    <ClInclude Include="..\..\src\DXUT\Optional\DXUTgui.h">
      <Filter>DXUT\Optional</Filter>
    </ClInclude>
    <ClInclude Include="..\..\src\DXUT\Optional\DXUTguiIME.h">
      <Filter>DXUT\Optional</Filter>
    </ClInclude>
    <ClInclude Include="..\..\src\DXUT\Optional\DXUTLockFreePipe.h">
      <Filter>DXUT\Optional</Filter>
    </ClInclude>
    <ClInclude Include="..\..\src\DXUT\Optional\DXUTres.h">
      <Filter>DXUT\Optional</Filter>
    </ClInclude>
    <ClInclude Include="..\..\src\DXUT\Optional\DXUTsettingsdlg.h">
      <Filter>DXUT\Optional</Filter>
    </ClInclude>
    <ClInclude Include="..\..\src\DXUT\Optional\ImeUi.h">
      <Filter>DXUT\Optional</Filter>
    </ClInclude>
    <ClInclude Include="..\..\src\DXUT\Optional\SDKmesh.h">
      <Filter>DXUT\Optional</Filter>
    </ClInclude>
    <ClInclude Include="..\..\src\DXUT\Optional\SDKmisc.h">
      <Filter>DXUT\Optional</Filter>
    </ClInclude>
    <ClInclude Include="..\..\src\dxf_model.h">
      <Filter>Header Files</Filter>
    </ClInclude>
    <ClInclude Include="..\..\src\util\glm.h">
      <Filter>util</Filter>
    </ClInclude>
    <ClInclude Include="..\..\src\dxf_shader.h">
      <Filter>Header Files</Filter>
    </ClInclude>
    <ClInclude Include="..\..\src\dxf_cbuffer.h">
      <Filter>Header Files</Filter>
    </ClInclude>
    <ClInclude Include="..\..\src\dxf_light.h">
      <Filter>Header Files</Filter>
    </ClInclude>
    <ClInclude Include="..\..\src\util\xyz.h">
      <Filter>util</Filter>
    </ClInclude>
  </ItemGroup>
  <ItemGroup>
    <Filter Include="Source Files">
      <UniqueIdentifier>{4FC737F1-C7A5-4376-A066-2A32D752A2FF}</UniqueIdentifier>
      <Extensions>cpp;cxx;c;def</Extensions>
      <ParseFiles>true</ParseFiles>
    </Filter>
    <Filter Include="Header Files">
      <UniqueIdentifier>{93995380-89BD-4b04-88EB-625FBE52EBFB}</UniqueIdentifier>
      <Extensions>h</Extensions>
      <ParseFiles>true</ParseFiles>
    </Filter>
    <Filter Include="DXUT">
      <UniqueIdentifier>{a75b8b9a-e1cf-4809-9c63-a155b4ca40c0}</UniqueIdentifier>
    </Filter>
    <Filter Include="DXUT\Core">
      <UniqueIdentifier>{c7d326ed-e4ee-45b5-b8bc-edb4e3fda12d}</UniqueIdentifier>
    </Filter>
    <Filter Include="DXUT\Optional">
      <UniqueIdentifier>{315aa082-e87e-4e95-ad0e-ac7b5cec7d53}</UniqueIdentifier>
    </Filter>
    <Filter Include="util">
      <UniqueIdentifier>{46a15f73-c53b-400e-9d38-6906cf3a2cbc}</UniqueIdentifier>
    </Filter>
  </ItemGroup>
  <ItemGroup>
    <ClCompile Include="..\..\src\dxf_abstract_control.cpp">
      <Filter>Source Files</Filter>
    </ClCompile>
    <ClCompile Include="..\..\src\dxf_abstract_renderer.cpp">
      <Filter>Source Files</Filter>
    </ClCompile>
    <ClCompile Include="..\..\src\dxf_assert.cpp">
      <Filter>Source Files</Filter>
    </ClCompile>
    <ClCompile Include="..\..\src\dxf_log.cpp">
      <Filter>Source Files</Filter>
    </ClCompile>
    <ClCompile Include="..\..\src\dxf_main.cpp">
      <Filter>Source Files</Filter>
    </ClCompile>
    <ClCompile Include="..\..\src\DXUT\Core\DDSTextureLoader.cpp">
      <Filter>DXUT\Core</Filter>
    </ClCompile>
    <ClCompile Include="..\..\src\DXUT\Core\dxerr.cpp">
      <Filter>DXUT\Core</Filter>
    </ClCompile>
    <ClCompile Include="..\..\src\DXUT\Core\DXUT.cpp">
      <Filter>DXUT\Core</Filter>
    </ClCompile>
    <ClCompile Include="..\..\src\DXUT\Core\DXUTDevice11.cpp">
      <Filter>DXUT\Core</Filter>
    </ClCompile>
    <ClCompile Include="..\..\src\DXUT\Core\DXUTmisc.cpp">
      <Filter>DXUT\Core</Filter>
    </ClCompile>
    <ClCompile Include="..\..\src\DXUT\Core\ScreenGrab.cpp">
      <Filter>DXUT\Core</Filter>
    </ClCompile>
    <ClCompile Include="..\..\src\DXUT\Core\WICTextureLoader.cpp">
      <Filter>DXUT\Core</Filter>
    </ClCompile>
    <ClCompile Include="..\..\src\DXUT\Optional\DXUTcamera.cpp">
      <Filter>DXUT\Optional</Filter>
    </ClCompile>
    <ClCompile Include="..\..\src\DXUT\Optional\DXUTgui.cpp">
      <Filter>DXUT\Optional</Filter>
    </ClCompile>
    <ClCompile Include="..\..\src\DXUT\Optional\DXUTguiIME.cpp">
      <Filter>DXUT\Optional</Filter>
    </ClCompile>
    <ClCompile Include="..\..\src\DXUT\Optional\DXUTres.cpp">
      <Filter>DXUT\Optional</Filter>
    </ClCompile>
    <ClCompile Include="..\..\src\DXUT\Optional\DXUTsettingsdlg.cpp">
      <Filter>DXUT\Optional</Filter>
    </ClCompile>
    <ClCompile Include="..\..\src\DXUT\Optional\ImeUi.cpp">
      <Filter>DXUT\Optional</Filter>
    </ClCompile>
    <ClCompile Include="..\..\src\DXUT\Optional\SDKmesh.cpp">
      <Filter>DXUT\Optional</Filter>
    </ClCompile>
    <ClCompile Include="..\..\src\DXUT\Optional\SDKmisc.cpp">
      <Filter>DXUT\Optional</Filter>
    </ClCompile>
    <ClCompile Include="..\..\src\dxf_model.cpp">
      <Filter>Source Files</Filter>
    </ClCompile>
    <ClCompile Include="..\..\src\util\glm.cpp">
      <Filter>util</Filter>
    </ClCompile>
    <ClCompile Include="..\..\src\dxf_shader.cpp">
      <Filter>Source Files</Filter>
    </ClCompile>
    <ClCompile Include="..\..\src\dxf_cbuffer.cpp">
      <Filter>Source Files</Filter>
    </ClCompile>
    <ClCompile Include="..\..\src\dxf_light.cpp">
      <Filter>Source Files</Filter>
    </ClCompile>
    <ClCompile Include="..\..\src\util\xyz.cpp">
      <Filter>util</Filter>
    </ClCompile>
  </ItemGroup>
  <ItemGroup>
    <Image Include="..\..\src\DXUT\Optional\directx.ico">
      <Filter>DXUT\Optional</Filter>
    </Image>
  </ItemGroup>
</Project>