<?xml version="1.0" encoding="utf-8"?>
<Project ToolsVersion="4.0" xmlns="http://schemas.microsoft.com/developer/msbuild/2003">
  <ItemGroup>
    <Filter Include="01foundation">
      <UniqueIdentifier>{95ac828b-ea4a-40a0-894a-9c2e6e1f8a39}</UniqueIdentifier>
    </Filter>
    <Filter Include="02directx">
      <UniqueIdentifier>{607c67a5-0400-49d4-bfa6-80c60ba46fe5}</UniqueIdentifier>
    </Filter>
    <Filter Include="04scene">
      <UniqueIdentifier>{294c900f-b1e7-491c-a8ec-575d8457debd}</UniqueIdentifier>
    </Filter>
    <Filter Include="03utility">
      <UniqueIdentifier>{058a0b24-c6fd-4e90-936e-5cead6bc54cb}</UniqueIdentifier>
    </Filter>
    <Filter Include="05runtime">
      <UniqueIdentifier>{dc159e82-8e23-43e2-b067-1d32c51896a4}</UniqueIdentifier>
    </Filter>
    <Filter Include="05runtime\DXUT">
      <UniqueIdentifier>{df4be799-7fa8-4526-b21d-2c277603ddb4}</UniqueIdentifier>
    </Filter>
    <Filter Include="05runtime\DXUT\Optional">
      <UniqueIdentifier>{1f879e7c-ba9a-4e3d-b199-1b2da4214f38}</UniqueIdentifier>
    </Filter>
    <Filter Include="05runtime\DXUT\Core">
      <UniqueIdentifier>{6ee6d3aa-8277-4397-b3c7-7d0bb44ce970}</UniqueIdentifier>
    </Filter>
    <Filter Include="Header Files">
      <UniqueIdentifier>{93995380-89BD-4b04-88EB-625FBE52EBFB}</UniqueIdentifier>
      <Extensions>h</Extensions>
      <ParseFiles>true</ParseFiles>
    </Filter>
  </ItemGroup>
  <ItemGroup>
    <ClCompile Include="..\..\src\05runtime\dxf_control.cpp">
      <Filter>05runtime</Filter>
    </ClCompile>
    <ClCompile Include="..\..\src\05runtime\dxf_main.cpp">
      <Filter>05runtime</Filter>
    </ClCompile>
    <ClCompile Include="..\..\src\05runtime\dxf_window.cpp">
      <Filter>05runtime</Filter>
    </ClCompile>
    <ClCompile Include="..\..\src\05runtime\DXUT\Core\DXUT.cpp">
      <Filter>05runtime\DXUT\Core</Filter>
    </ClCompile>
    <ClCompile Include="..\..\src\05runtime\DXUT\Core\DXUTenum.cpp">
      <Filter>05runtime\DXUT\Core</Filter>
    </ClCompile>
    <ClCompile Include="..\..\src\05runtime\DXUT\Core\DXUTmisc.cpp">
      <Filter>05runtime\DXUT\Core</Filter>
    </ClCompile>
    <ClCompile Include="..\..\src\05runtime\DXUT\Optional\DXUTcamera.cpp">
      <Filter>05runtime\DXUT\Optional</Filter>
    </ClCompile>
    <ClCompile Include="..\..\src\05runtime\DXUT\Optional\DXUTgui.cpp">
      <Filter>05runtime\DXUT\Optional</Filter>
    </ClCompile>
    <ClCompile Include="..\..\src\05runtime\DXUT\Optional\DXUTguiIME.cpp">
      <Filter>05runtime\DXUT\Optional</Filter>
    </ClCompile>
    <ClCompile Include="..\..\src\05runtime\DXUT\Optional\DXUTres.cpp">
      <Filter>05runtime\DXUT\Optional</Filter>
    </ClCompile>
    <ClCompile Include="..\..\src\05runtime\DXUT\Optional\DXUTsettingsdlg.cpp">
      <Filter>05runtime\DXUT\Optional</Filter>
    </ClCompile>
    <ClCompile Include="..\..\src\05runtime\DXUT\Optional\DXUTShapes.cpp">
      <Filter>05runtime\DXUT\Optional</Filter>
    </ClCompile>
    <ClCompile Include="..\..\src\05runtime\DXUT\Optional\ImeUi.cpp">
      <Filter>05runtime\DXUT\Optional</Filter>
    </ClCompile>
    <ClCompile Include="..\..\src\05runtime\DXUT\Optional\SDKmesh.cpp">
      <Filter>05runtime\DXUT\Optional</Filter>
    </ClCompile>
    <ClCompile Include="..\..\src\05runtime\DXUT\Optional\SDKmisc.cpp">
      <Filter>05runtime\DXUT\Optional</Filter>
    </ClCompile>
    <ClCompile Include="..\..\src\05runtime\DXUT\Optional\SDKsound.cpp">
      <Filter>05runtime\DXUT\Optional</Filter>
    </ClCompile>
    <ClCompile Include="..\..\src\05runtime\DXUT\Optional\SDKwavefile.cpp">
      <Filter>05runtime\DXUT\Optional</Filter>
    </ClCompile>
  </ItemGroup>
  <ItemGroup>
    <ClInclude Include="..\..\src\05runtime\dxf_control.h">
      <Filter>05runtime</Filter>
    </ClInclude>
    <ClInclude Include="..\..\src\05runtime\dxf_main.h">
      <Filter>05runtime</Filter>
    </ClInclude>
    <ClInclude Include="..\..\src\05runtime\dxf_window.h">
      <Filter>05runtime</Filter>
    </ClInclude>
    <ClInclude Include="..\..\src\05runtime\DXUT\Core\DXUT.h">
      <Filter>05runtime\DXUT\Core</Filter>
    </ClInclude>
    <ClInclude Include="..\..\src\05runtime\DXUT\Core\DXUTenum.h">
      <Filter>05runtime\DXUT\Core</Filter>
    </ClInclude>
    <ClInclude Include="..\..\src\05runtime\DXUT\Core\DXUTmisc.h">
      <Filter>05runtime\DXUT\Core</Filter>
    </ClInclude>
    <ClInclude Include="..\..\src\05runtime\DXUT\Optional\DXUTcamera.h">
      <Filter>05runtime\DXUT\Optional</Filter>
    </ClInclude>
    <ClInclude Include="..\..\src\05runtime\DXUT\Optional\DXUTgui.h">
      <Filter>05runtime\DXUT\Optional</Filter>
    </ClInclude>
    <ClInclude Include="..\..\src\05runtime\DXUT\Optional\DXUTguiIME.h">
      <Filter>05runtime\DXUT\Optional</Filter>
    </ClInclude>
    <ClInclude Include="..\..\src\05runtime\DXUT\Optional\DXUTLockFreePipe.h">
      <Filter>05runtime\DXUT\Optional</Filter>
    </ClInclude>
    <ClInclude Include="..\..\src\05runtime\DXUT\Optional\DXUTres.h">
      <Filter>05runtime\DXUT\Optional</Filter>
    </ClInclude>
    <ClInclude Include="..\..\src\05runtime\DXUT\Optional\DXUTsettingsdlg.h">
      <Filter>05runtime\DXUT\Optional</Filter>
    </ClInclude>
    <ClInclude Include="..\..\src\05runtime\DXUT\Optional\DXUTShapes.h">
      <Filter>05runtime\DXUT\Optional</Filter>
    </ClInclude>
    <ClInclude Include="..\..\src\05runtime\DXUT\Optional\ImeUi.h">
      <Filter>05runtime\DXUT\Optional</Filter>
    </ClInclude>
    <ClInclude Include="..\..\src\05runtime\DXUT\Optional\SDKmesh.h">
      <Filter>05runtime\DXUT\Optional</Filter>
    </ClInclude>
    <ClInclude Include="..\..\src\05runtime\DXUT\Optional\SDKmisc.h">
      <Filter>05runtime\DXUT\Optional</Filter>
    </ClInclude>
    <ClInclude Include="..\..\src\05runtime\DXUT\Optional\SDKsound.h">
      <Filter>05runtime\DXUT\Optional</Filter>
    </ClInclude>
    <ClInclude Include="..\..\src\05runtime\DXUT\Optional\SDKwavefile.h">
      <Filter>05runtime\DXUT\Optional</Filter>
    </ClInclude>
    <ClInclude Include="..\..\src\dxf.h">
      <Filter>Header Files</Filter>
    </ClInclude>
    <ClInclude Include="..\..\src\dxf_common.h">
      <Filter>Header Files</Filter>
    </ClInclude>
  </ItemGroup>
</Project>